# THIS IS AN AUTOGENERATED FILE. DO NOT EDIT THIS FILE DIRECTLY.
# yarn lockfile v1


"@youwol/dataframe@^0.0.37":
  version "0.0.37"
  resolved "https://registry.yarnpkg.com/@youwol/dataframe/-/dataframe-0.0.37.tgz#4bf388c231d335beb2d2628684be10283110d5f7"
  integrity sha512-FrjK6zeAyN+JsXsCv3dfpDciJw4GHaOtYoFyoQUOZd8oV2GASZ5x3N2oi2l7O0lharXX+dcaMina97yOaEDXjA==

"@youwol/geometry@^0.0.21":
  version "0.0.21"
  resolved "https://registry.yarnpkg.com/@youwol/geometry/-/geometry-0.0.21.tgz#820f76a69e6d1cb6b9392520aba64b326e042047"
  integrity sha512-SZI1z9iOTmqaG4HPUueC+Vh4/LDpI4AKUOy1l3jSa64MOBUOi3get64hx3nBrQL6D1vQcy48tSmpbqJ8J6cUVg==

"@youwol/io@0.0.20":
  version "0.0.20"
  resolved "https://registry.yarnpkg.com/@youwol/io/-/io-0.0.20.tgz#1101293674f39f3e2a9fe28124c9f0856442d8f8"
  integrity sha512-GJvQGoY0vN65gOYe+AcV79LsupaJc5tsoeXEcomwJtgsvB+FThyAzx+dane4+YBKSbK24CyURTbbkILbghC6EA==

"@youwol/io@^0.0.25-wip":
  version "0.0.25-wip"
  resolved "https://registry.yarnpkg.com/@youwol/io/-/io-0.0.25-wip.tgz#d602752615876383b7ba169acc6d68c9addc16ca"
  integrity sha512-C3A2MMgq3yut2+xgY2V11iOh7LNsGKVyciD73Kvwi+tN/fGkVksr2j4qXUJXeR57+0lr/f3TLr1C2Si1RBjMvw==
  dependencies:
    "@youwol/io" "0.0.20"

"@youwol/kepler@^0.0.13":
  version "0.0.13"
  resolved "https://registry.yarnpkg.com/@youwol/kepler/-/kepler-0.0.13.tgz#d5dff72f2f587b84b1022b87ba0f051e77b4a492"
  integrity sha512-kb0fq3Dltl70Jzrg8rL747OAmf6FH+zPr5yO7YI5wJEEsVJXLrxIuVP6nooQpSBFjVl/sf4z6WdpzqIUOVHZeg==

"@youwol/math@^0.0.22":
  version "0.0.22"
  resolved "https://registry.yarnpkg.com/@youwol/math/-/math-0.0.22.tgz#4b5bbd49d3f4d5e132b2b0f975713ae42cba5b51"
  integrity sha512-YNBACiHzCLhICEc6vpRV0YoZlmLiOfSZTeUVr9yQVB5EH99iP8fnmGySzjXIaQAQvB1CuKNf3xnYh2Sk7XZp6Q==

"@youwol/three-extra@^0.0.10":
  version "0.0.10"
  resolved "https://registry.yarnpkg.com/@youwol/three-extra/-/three-extra-0.0.10.tgz#0cffdce83564a5da71f2b7bab0fee22fb3c13415"
  integrity sha512-Z4KsJUzRVwW0TfyXtQcTXOZK97YHOCBl4LIOtLY8GqglPA0AzlDMwHEXiHbdTeoxqITrrRZkqWJLssXLubpz8g==

three-trackballcontrols@^0.9.0:
  version "0.9.0"
  resolved "https://registry.yarnpkg.com/three-trackballcontrols/-/three-trackballcontrols-0.9.0.tgz#2c8be3627f50644d6dd60c10d23edd7fbfeffadd"
  integrity sha512-Z6HmIJnP70r5uONvcPCdLEF0SsG1kbGzNb7qQYj3c7b6v2E3XTlbNpZsgTjt36oKm0Z2tU11D6EbW4i8KIHuqA==

three@^0.146.0:
  version "0.146.0"
  resolved "https://registry.yarnpkg.com/three/-/three-0.146.0.tgz#fd80f0d128ab4bb821a02191ae241e4e6326f17a"
  integrity sha512-1lvNfLezN6OJ9NaFAhfX4sm5e9YCzHtaRgZ1+B4C+Hv6TibRMsuBAM5/wVKzxjpYIlMymvgsHEFrrigEfXnb2A==
